
Microsoft Visual Studio Solution File, Format Version 12.00
# Visual Studio Version 17
VisualStudioVersion = 17.2.32602.215
MinimumVisualStudioVersion = 10.0.40219.1
Project("{FAE04EC0-301F-11D3-BF4B-00C04F79EFBC}") = "Training.TagHelpers.Web", "src\Training.TagHelpers.Web\Training.TagHelpers.Web.csproj", "{068EFEF6-385F-48DC-AE64-1CA9A03BBD91}"
EndProject
Global
	GlobalSection(SolutionConfigurationPlatforms) = preSolution
		Debug|Any CPU = Debug|Any CPU
		Release|Any CPU = Release|Any CPU
	EndGlobalSection
	GlobalSection(ProjectConfigurationPlatforms) = postSolution
		{068EFEF6-385F-48DC-AE64-1CA9A03BBD91}.Debug|Any CPU.ActiveCfg = Debug|Any CPU
		{068EFEF6-385F-48DC-AE64-1CA9A03BBD91}.Debug|Any CPU.Build.0 = Debug|Any CPU
		{068EFEF6-385F-48DC-AE64-1CA9A03BBD91}.Release|Any CPU.ActiveCfg = Release|Any CPU
		{068EFEF6-385F-48DC-AE64-1CA9A03BBD91}.Release|Any CPU.Build.0 = Release|Any CPU
	EndGlobalSection
	GlobalSection(SolutionProperties) = preSolution
		HideSolutionNode = FALSE
	EndGlobalSection
	GlobalSection(ExtensibilityGlobals) = postSolution
		SolutionGuid = {E25C5B6F-D278-4F44-9CEB-3D780380A40A}
	EndGlobalSection
EndGlobal
